// !$*UTF8*$!
{
	archiveVersion = 1;
	classes = {
	};
	objectVersion = 55;
	objects = {

/* Begin PBXBuildFile section */
		8F61ECE228660DE300E68C2B /* RayanView.xib in Resources */ = {isa = PBXBuildFile; fileRef = 8F61ECE128660DE300E68C2B /* RayanView.xib */; };
		8F6AC1832855CA83001300D8 /* ThreeViewController.swift in Sources */ = {isa = PBXBuildFile; fileRef = 8F6AC1812855CA83001300D8 /* ThreeViewController.swift */; };
		8F6AC1842855CA83001300D8 /* ThreeViewController.xib in Resources */ = {isa = PBXBuildFile; fileRef = 8F6AC1822855CA83001300D8 /* ThreeViewController.xib */; };
		8FAB4F9E285F0FEE00804AED /* SaveData.xcdatamodeld in Sources */ = {isa = PBXBuildFile; fileRef = 8FAB4F9C285F0FEE00804AED /* SaveData.xcdatamodeld */; };
		8FCAD33A2859D17200904CF3 /* foureViewController.swift in Sources */ = {isa = PBXBuildFile; fileRef = 8FCAD3392859D17200904CF3 /* foureViewController.swift */; };
		8FCAD33C2859D1B400904CF3 /* Signtuer.swift in Sources */ = {isa = PBXBuildFile; fileRef = 8FCAD33B2859D1B400904CF3 /* Signtuer.swift */; };
		8FCF6F71284DE13E007CB3D4 /* AppDelegate.swift in Sources */ = {isa = PBXBuildFile; fileRef = 8FCF6F70284DE13E007CB3D4 /* AppDelegate.swift */; };
		8FCF6F73284DE13E007CB3D4 /* SceneDelegate.swift in Sources */ = {isa = PBXBuildFile; fileRef = 8FCF6F72284DE13E007CB3D4 /* SceneDelegate.swift */; };
		8FCF6F75284DE13E007CB3D4 /* ViewController.swift in Sources */ = {isa = PBXBuildFile; fileRef = 8FCF6F74284DE13E007CB3D4 /* ViewController.swift */; };
		8FCF6F78284DE13E007CB3D4 /* Main.storyboard in Resources */ = {isa = PBXBuildFile; fileRef = 8FCF6F76284DE13E007CB3D4 /* Main.storyboard */; };
		8FCF6F7A284DE13E007CB3D4 /* Assets.xcassets in Resources */ = {isa = PBXBuildFile; fileRef = 8FCF6F79284DE13E007CB3D4 /* Assets.xcassets */; };
		8FCF6F7D284DE13E007CB3D4 /* LaunchScreen.storyboard in Resources */ = {isa = PBXBuildFile; fileRef = 8FCF6F7B284DE13E007CB3D4 /* LaunchScreen.storyboard */; };
		8FCF6F88284DE13E007CB3D4 /* uplod_FileTests.swift in Sources */ = {isa = PBXBuildFile; fileRef = 8FCF6F87284DE13E007CB3D4 /* uplod_FileTests.swift */; };
		8FCF6F92284DE13E007CB3D4 /* uplod_FileUITests.swift in Sources */ = {isa = PBXBuildFile; fileRef = 8FCF6F91284DE13E007CB3D4 /* uplod_FileUITests.swift */; };
		8FCF6F94284DE13E007CB3D4 /* uplod_FileUITestsLaunchTests.swift in Sources */ = {isa = PBXBuildFile; fileRef = 8FCF6F93284DE13E007CB3D4 /* uplod_FileUITestsLaunchTests.swift */; };
		8FEF26CF284F29A600A129A0 /* scondViewController.swift in Sources */ = {isa = PBXBuildFile; fileRef = 8FEF26CE284F29A600A129A0 /* scondViewController.swift */; };
		8FF35DAD285711B600F0177E /* CollectionViewCell.swift in Sources */ = {isa = PBXBuildFile; fileRef = 8FF35DAB285711B600F0177E /* CollectionViewCell.swift */; };
		8FF35DAE285711B600F0177E /* CollectionViewCell.xib in Resources */ = {isa = PBXBuildFile; fileRef = 8FF35DAC285711B600F0177E /* CollectionViewCell.xib */; };
/* End PBXBuildFile section */

/* Begin PBXContainerItemProxy section */
		8FCF6F84284DE13E007CB3D4 /* PBXContainerItemProxy */ = {
			isa = PBXContainerItemProxy;
			containerPortal = 8FCF6F65284DE13E007CB3D4 /* Project object */;
			proxyType = 1;
			remoteGlobalIDString = 8FCF6F6C284DE13E007CB3D4;
			remoteInfo = "uplod File";
		};
		8FCF6F8E284DE13E007CB3D4 /* PBXContainerItemProxy */ = {
			isa = PBXContainerItemProxy;
			containerPortal = 8FCF6F65284DE13E007CB3D4 /* Project object */;
			proxyType = 1;
			remoteGlobalIDString = 8FCF6F6C284DE13E007CB3D4;
			remoteInfo = "uplod File";
		};
/* End PBXContainerItemProxy section */

/* Begin PBXCopyFilesBuildPhase section */
		8FCF6FB5284E0BB9007CB3D4 /* Embed App Extensions */ = {
			isa = PBXCopyFilesBuildPhase;
			buildActionMask = 2147483647;
			dstPath = "";
			dstSubfolderSpec = 13;
			files = (
			);
			name = "Embed App Extensions";
			runOnlyForDeploymentPostprocessing = 0;
		};
/* End PBXCopyFilesBuildPhase section */

/* Begin PBXFileReference section */
		8F61ECE128660DE300E68C2B /* RayanView.xib */ = {isa = PBXFileReference; fileEncoding = 4; lastKnownFileType = file.xib; path = RayanView.xib; sourceTree = SOURCE_ROOT; };
		8F6AC1812855CA83001300D8 /* ThreeViewController.swift */ = {isa = PBXFileReference; lastKnownFileType = sourcecode.swift; path = ThreeViewController.swift; sourceTree = "<group>"; };
		8F6AC1822855CA83001300D8 /* ThreeViewController.xib */ = {isa = PBXFileReference; lastKnownFileType = file.xib; path = ThreeViewController.xib; sourceTree = "<group>"; };
		8FAB4F9D285F0FEE00804AED /* SaveData.xcdatamodel */ = {isa = PBXFileReference; lastKnownFileType = wrapper.xcdatamodel; path = SaveData.xcdatamodel; sourceTree = "<group>"; };
		8FCAD3392859D17200904CF3 /* foureViewController.swift */ = {isa = PBXFileReference; lastKnownFileType = sourcecode.swift; path = foureViewController.swift; sourceTree = "<group>"; };
		8FCAD33B2859D1B400904CF3 /* Signtuer.swift */ = {isa = PBXFileReference; lastKnownFileType = sourcecode.swift; path = Signtuer.swift; sourceTree = "<group>"; };
		8FCF6F6D284DE13E007CB3D4 /* uplod File.app */ = {isa = PBXFileReference; explicitFileType = wrapper.application; includeInIndex = 0; path = "uplod File.app"; sourceTree = BUILT_PRODUCTS_DIR; };
		8FCF6F70284DE13E007CB3D4 /* AppDelegate.swift */ = {isa = PBXFileReference; lastKnownFileType = sourcecode.swift; path = AppDelegate.swift; sourceTree = "<group>"; };
		8FCF6F72284DE13E007CB3D4 /* SceneDelegate.swift */ = {isa = PBXFileReference; lastKnownFileType = sourcecode.swift; path = SceneDelegate.swift; sourceTree = "<group>"; };
		8FCF6F74284DE13E007CB3D4 /* ViewController.swift */ = {isa = PBXFileReference; lastKnownFileType = sourcecode.swift; path = ViewController.swift; sourceTree = "<group>"; };
		8FCF6F77284DE13E007CB3D4 /* Base */ = {isa = PBXFileReference; lastKnownFileType = file.storyboard; name = Base; path = Base.lproj/Main.storyboard; sourceTree = "<group>"; };
		8FCF6F79284DE13E007CB3D4 /* Assets.xcassets */ = {isa = PBXFileReference; lastKnownFileType = folder.assetcatalog; path = Assets.xcassets; sourceTree = "<group>"; };
		8FCF6F7C284DE13E007CB3D4 /* Base */ = {isa = PBXFileReference; lastKnownFileType = file.storyboard; name = Base; path = Base.lproj/LaunchScreen.storyboard; sourceTree = "<group>"; };
		8FCF6F7E284DE13E007CB3D4 /* Info.plist */ = {isa = PBXFileReference; lastKnownFileType = text.plist.xml; path = Info.plist; sourceTree = "<group>"; };
		8FCF6F83284DE13E007CB3D4 /* uplod FileTests.xctest */ = {isa = PBXFileReference; explicitFileType = wrapper.cfbundle; includeInIndex = 0; path = "uplod FileTests.xctest"; sourceTree = BUILT_PRODUCTS_DIR; };
		8FCF6F87284DE13E007CB3D4 /* uplod_FileTests.swift */ = {isa = PBXFileReference; lastKnownFileType = sourcecode.swift; path = uplod_FileTests.swift; sourceTree = "<group>"; };
		8FCF6F8D284DE13E007CB3D4 /* uplod FileUITests.xctest */ = {isa = PBXFileReference; explicitFileType = wrapper.cfbundle; includeInIndex = 0; path = "uplod FileUITests.xctest"; sourceTree = BUILT_PRODUCTS_DIR; };
		8FCF6F91284DE13E007CB3D4 /* uplod_FileUITests.swift */ = {isa = PBXFileReference; lastKnownFileType = sourcecode.swift; path = uplod_FileUITests.swift; sourceTree = "<group>"; };
		8FCF6F93284DE13E007CB3D4 /* uplod_FileUITestsLaunchTests.swift */ = {isa = PBXFileReference; lastKnownFileType = sourcecode.swift; path = uplod_FileUITestsLaunchTests.swift; sourceTree = "<group>"; };
		8FCF6FA6284E0BB9007CB3D4 /* AuthenticationServices.framework */ = {isa = PBXFileReference; lastKnownFileType = wrapper.framework; name = AuthenticationServices.framework; path = System/Library/Frameworks/AuthenticationServices.framework; sourceTree = SDKROOT; };
		8FEF26CE284F29A600A129A0 /* scondViewController.swift */ = {isa = PBXFileReference; lastKnownFileType = sourcecode.swift; path = scondViewController.swift; sourceTree = "<group>"; };
		8FF35DAB285711B600F0177E /* CollectionViewCell.swift */ = {isa = PBXFileReference; lastKnownFileType = sourcecode.swift; path = CollectionViewCell.swift; sourceTree = "<group>"; };
		8FF35DAC285711B600F0177E /* CollectionViewCell.xib */ = {isa = PBXFileReference; lastKnownFileType = file.xib; path = CollectionViewCell.xib; sourceTree = "<group>"; };
/* End PBXFileReference section */

/* Begin PBXFrameworksBuildPhase section */
		8FCF6F6A284DE13E007CB3D4 /* Frameworks */ = {
			isa = PBXFrameworksBuildPhase;
			buildActionMask = 2147483647;
			files = (
			);
			runOnlyForDeploymentPostprocessing = 0;
		};
		8FCF6F80284DE13E007CB3D4 /* Frameworks */ = {
			isa = PBXFrameworksBuildPhase;
			buildActionMask = 2147483647;
			files = (
			);
			runOnlyForDeploymentPostprocessing = 0;
		};
		8FCF6F8A284DE13E007CB3D4 /* Frameworks */ = {
			isa = PBXFrameworksBuildPhase;
			buildActionMask = 2147483647;
			files = (
			);
			runOnlyForDeploymentPostprocessing = 0;
		};
/* End PBXFrameworksBuildPhase section */

/* Begin PBXGroup section */
		8FCF6F64284DE13E007CB3D4 = {
			isa = PBXGroup;
			children = (
				8FCF6F6F284DE13E007CB3D4 /* uplod File */,
				8FCF6F86284DE13E007CB3D4 /* uplod FileTests */,
				8FCF6F90284DE13E007CB3D4 /* uplod FileUITests */,
				8FCF6FA5284E0BB9007CB3D4 /* Frameworks */,
				8FCF6F6E284DE13E007CB3D4 /* Products */,
			);
			sourceTree = "<group>";
		};
		8FCF6F6E284DE13E007CB3D4 /* Products */ = {
			isa = PBXGroup;
			children = (
				8FCF6F6D284DE13E007CB3D4 /* uplod File.app */,
				8FCF6F83284DE13E007CB3D4 /* uplod FileTests.xctest */,
				8FCF6F8D284DE13E007CB3D4 /* uplod FileUITests.xctest */,
			);
			name = Products;
			sourceTree = "<group>";
		};
		8FCF6F6F284DE13E007CB3D4 /* uplod File */ = {
			isa = PBXGroup;
			children = (
				8FCF6F70284DE13E007CB3D4 /* AppDelegate.swift */,
				8FCF6F72284DE13E007CB3D4 /* SceneDelegate.swift */,
				8FCF6F74284DE13E007CB3D4 /* ViewController.swift */,
				8FEF26CE284F29A600A129A0 /* scondViewController.swift */,
				8F6AC1812855CA83001300D8 /* ThreeViewController.swift */,
				8FCAD3392859D17200904CF3 /* foureViewController.swift */,
				8FF35DAB285711B600F0177E /* CollectionViewCell.swift */,
				8FCAD33B2859D1B400904CF3 /* Signtuer.swift */,
				8FCF6F76284DE13E007CB3D4 /* Main.storyboard */,
				8FF35DAC285711B600F0177E /* CollectionViewCell.xib */,
				8F61ECE128660DE300E68C2B /* RayanView.xib */,
				8F6AC1822855CA83001300D8 /* ThreeViewController.xib */,
				8FCF6F79284DE13E007CB3D4 /* Assets.xcassets */,
				8FCF6F7B284DE13E007CB3D4 /* LaunchScreen.storyboard */,
				8FCF6F7E284DE13E007CB3D4 /* Info.plist */,
				8FAB4F9C285F0FEE00804AED /* SaveData.xcdatamodeld */,
			);
			path = "uplod File";
			sourceTree = "<group>";
		};
		8FCF6F86284DE13E007CB3D4 /* uplod FileTests */ = {
			isa = PBXGroup;
			children = (
				8FCF6F87284DE13E007CB3D4 /* uplod_FileTests.swift */,
			);
			path = "uplod FileTests";
			sourceTree = "<group>";
		};
		8FCF6F90284DE13E007CB3D4 /* uplod FileUITests */ = {
			isa = PBXGroup;
			children = (
				8FCF6F91284DE13E007CB3D4 /* uplod_FileUITests.swift */,
				8FCF6F93284DE13E007CB3D4 /* uplod_FileUITestsLaunchTests.swift */,
			);
			path = "uplod FileUITests";
			sourceTree = "<group>";
		};
		8FCF6FA5284E0BB9007CB3D4 /* Frameworks */ = {
			isa = PBXGroup;
			children = (
				8FCF6FA6284E0BB9007CB3D4 /* AuthenticationServices.framework */,
			);
			name = Frameworks;
			sourceTree = "<group>";
		};
/* End PBXGroup section */

/* Begin PBXNativeTarget section */
		8FCF6F6C284DE13E007CB3D4 /* uplod File */ = {
			isa = PBXNativeTarget;
			buildConfigurationList = 8FCF6F97284DE13E007CB3D4 /* Build configuration list for PBXNativeTarget "uplod File" */;
			buildPhases = (
				8FCF6F69284DE13E007CB3D4 /* Sources */,
				8FCF6F6A284DE13E007CB3D4 /* Frameworks */,
				8FCF6F6B284DE13E007CB3D4 /* Resources */,
				8FCF6FB5284E0BB9007CB3D4 /* Embed App Extensions */,
			);
			buildRules = (
			);
			dependencies = (
			);
			name = "uplod File";
			productName = "uplod File";
			productReference = 8FCF6F6D284DE13E007CB3D4 /* uplod File.app */;
			productType = "com.apple.product-type.application";
		};
		8FCF6F82284DE13E007CB3D4 /* uplod FileTests */ = {
			isa = PBXNativeTarget;
			buildConfigurationList = 8FCF6F9A284DE13E007CB3D4 /* Build configuration list for PBXNativeTarget "uplod FileTests" */;
			buildPhases = (
				8FCF6F7F284DE13E007CB3D4 /* Sources */,
				8FCF6F80284DE13E007CB3D4 /* Frameworks */,
				8FCF6F81284DE13E007CB3D4 /* Resources */,
			);
			buildRules = (
			);
			dependencies = (
				8FCF6F85284DE13E007CB3D4 /* PBXTargetDependency */,
			);
			name = "uplod FileTests";
			productName = "uplod FileTests";
			productReference = 8FCF6F83284DE13E007CB3D4 /* uplod FileTests.xctest */;
			productType = "com.apple.product-type.bundle.unit-test";
		};
		8FCF6F8C284DE13E007CB3D4 /* uplod FileUITests */ = {
			isa = PBXNativeTarget;
			buildConfigurationList = 8FCF6F9D284DE13E007CB3D4 /* Build configuration list for PBXNativeTarget "uplod FileUITests" */;
			buildPhases = (
				8FCF6F89284DE13E007CB3D4 /* Sources */,
				8FCF6F8A284DE13E007CB3D4 /* Frameworks */,
				8FCF6F8B284DE13E007CB3D4 /* Resources */,
			);
			buildRules = (
			);
			dependencies = (
				8FCF6F8F284DE13E007CB3D4 /* PBXTargetDependency */,
			);
			name = "uplod FileUITests";
			productName = "uplod FileUITests";
			productReference = 8FCF6F8D284DE13E007CB3D4 /* uplod FileUITests.xctest */;
			productType = "com.apple.product-type.bundle.ui-testing";
		};
/* End PBXNativeTarget section */

/* Begin PBXProject section */
		8FCF6F65284DE13E007CB3D4 /* Project object */ = {
			isa = PBXProject;
			attributes = {
				BuildIndependentTargetsInParallel = 1;
				LastSwiftUpdateCheck = 1340;
				LastUpgradeCheck = 1340;
				TargetAttributes = {
					8FCF6F6C284DE13E007CB3D4 = {
						CreatedOnToolsVersion = 13.4;
					};
					8FCF6F82284DE13E007CB3D4 = {
						CreatedOnToolsVersion = 13.4;
						TestTargetID = 8FCF6F6C284DE13E007CB3D4;
					};
					8FCF6F8C284DE13E007CB3D4 = {
						CreatedOnToolsVersion = 13.4;
						TestTargetID = 8FCF6F6C284DE13E007CB3D4;
					};
				};
			};
			buildConfigurationList = 8FCF6F68284DE13E007CB3D4 /* Build configuration list for PBXProject "uplod File" */;
			compatibilityVersion = "Xcode 13.0";
			developmentRegion = en;
			hasScannedForEncodings = 0;
			knownRegions = (
				en,
				Base,
			);
			mainGroup = 8FCF6F64284DE13E007CB3D4;
			productRefGroup = 8FCF6F6E284DE13E007CB3D4 /* Products */;
			projectDirPath = "";
			projectRoot = "";
			targets = (
				8FCF6F6C284DE13E007CB3D4 /* uplod File */,
				8FCF6F82284DE13E007CB3D4 /* uplod FileTests */,
				8FCF6F8C284DE13E007CB3D4 /* uplod FileUITests */,
			);
		};
/* End PBXProject section */

/* Begin PBXResourcesBuildPhase section */
		8FCF6F6B284DE13E007CB3D4 /* Resources */ = {
			isa = PBXResourcesBuildPhase;
			buildActionMask = 2147483647;
			files = (
				8FCF6F7D284DE13E007CB3D4 /* LaunchScreen.storyboard in Resources */,
				8FCF6F7A284DE13E007CB3D4 /* Assets.xcassets in Resources */,
				8F61ECE228660DE300E68C2B /* RayanView.xib in Resources */,
				8FCF6F78284DE13E007CB3D4 /* Main.storyboard in Resources */,
				8F6AC1842855CA83001300D8 /* ThreeViewController.xib in Resources */,
				8FF35DAE285711B600F0177E /* CollectionViewCell.xib in Resources */,
			);
			runOnlyForDeploymentPostprocessing = 0;
		};
		8FCF6F81284DE13E007CB3D4 /* Resources */ = {
			isa = PBXResourcesBuildPhase;
			buildActionMask = 2147483647;
			files = (
			);
			runOnlyForDeploymentPostprocessing = 0;
		};
		8FCF6F8B284DE13E007CB3D4 /* Resources */ = {
			isa = PBXResourcesBuildPhase;
			buildActionMask = 2147483647;
			files = (
			);
			runOnlyForDeploymentPostprocessing = 0;
		};
/* End PBXResourcesBuildPhase section */

/* Begin PBXSourcesBuildPhase section */
		8FCF6F69284DE13E007CB3D4 /* Sources */ = {
			isa = PBXSourcesBuildPhase;
			buildActionMask = 2147483647;
			files = (
				8FCF6F75284DE13E007CB3D4 /* ViewController.swift in Sources */,
				8FCF6F71284DE13E007CB3D4 /* AppDelegate.swift in Sources */,
				8FCAD33C2859D1B400904CF3 /* Signtuer.swift in Sources */,
				8FF35DAD285711B600F0177E /* CollectionViewCell.swift in Sources */,
				8FEF26CF284F29A600A129A0 /* scondViewController.swift in Sources */,
				8FCAD33A2859D17200904CF3 /* foureViewController.swift in Sources */,
				8FAB4F9E285F0FEE00804AED /* SaveData.xcdatamodeld in Sources */,
				8FCF6F73284DE13E007CB3D4 /* SceneDelegate.swift in Sources */,
				8F6AC1832855CA83001300D8 /* ThreeViewController.swift in Sources */,
			);
			runOnlyForDeploymentPostprocessing = 0;
		};
		8FCF6F7F284DE13E007CB3D4 /* Sources */ = {
			isa = PBXSourcesBuildPhase;
			buildActionMask = 2147483647;
			files = (
				8FCF6F88284DE13E007CB3D4 /* uplod_FileTests.swift in Sources */,
			);
			runOnlyForDeploymentPostprocessing = 0;
		};
		8FCF6F89284DE13E007CB3D4 /* Sources */ = {
			isa = PBXSourcesBuildPhase;
			buildActionMask = 2147483647;
			files = (
				8FCF6F92284DE13E007CB3D4 /* uplod_FileUITests.swift in Sources */,
				8FCF6F94284DE13E007CB3D4 /* uplod_FileUITestsLaunchTests.swift in Sources */,
			);
			runOnlyForDeploymentPostprocessing = 0;
		};
/* End PBXSourcesBuildPhase section */

/* Begin PBXTargetDependency section */
		8FCF6F85284DE13E007CB3D4 /* PBXTargetDependency */ = {
			isa = PBXTargetDependency;
			target = 8FCF6F6C284DE13E007CB3D4 /* uplod File */;
			targetProxy = 8FCF6F84284DE13E007CB3D4 /* PBXContainerItemProxy */;
		};
		8FCF6F8F284DE13E007CB3D4 /* PBXTargetDependency */ = {
			isa = PBXTargetDependency;
			target = 8FCF6F6C284DE13E007CB3D4 /* uplod File */;
			targetProxy = 8FCF6F8E284DE13E007CB3D4 /* PBXContainerItemProxy */;
		};
/* End PBXTargetDependency section */

/* Begin PBXVariantGroup section */
		8FCF6F76284DE13E007CB3D4 /* Main.storyboard */ = {
			isa = PBXVariantGroup;
			children = (
				8FCF6F77284DE13E007CB3D4 /* Base */,
			);
			name = Main.storyboard;
			sourceTree = "<group>";
		};
		8FCF6F7B284DE13E007CB3D4 /* LaunchScreen.storyboard */ = {
			isa = PBXVariantGroup;
			children = (
				8FCF6F7C284DE13E007CB3D4 /* Base */,
			);
			name = LaunchScreen.storyboard;
			sourceTree = "<group>";
		};
/* End PBXVariantGroup section */

/* Begin XCBuildConfiguration section */
		8FCF6F95284DE13E007CB3D4 /* Debug */ = {
			isa = XCBuildConfiguration;
			buildSettings = {
				ALWAYS_SEARCH_USER_PATHS = NO;
				CLANG_ANALYZER_NONNULL = YES;
				CLANG_ANALYZER_NUMBER_OBJECT_CONVERSION = YES_AGGRESSIVE;
				CLANG_CXX_LANGUAGE_STANDARD = "gnu++17";
				CLANG_ENABLE_MODULES = YES;
				CLANG_ENABLE_OBJC_ARC = YES;
				CLANG_ENABLE_OBJC_WEAK = YES;
				CLANG_WARN_BLOCK_CAPTURE_AUTORELEASING = YES;
				CLANG_WARN_BOOL_CONVERSION = YES;
				CLANG_WARN_COMMA = YES;
				CLANG_WARN_CONSTANT_CONVERSION = YES;
				CLANG_WARN_DEPRECATED_OBJC_IMPLEMENTATIONS = YES;
				CLANG_WARN_DIRECT_OBJC_ISA_USAGE = YES_ERROR;
				CLANG_WARN_DOCUMENTATION_COMMENTS = YES;
				CLANG_WARN_EMPTY_BODY = YES;
				CLANG_WARN_ENUM_CONVERSION = YES;
				CLANG_WARN_INFINITE_RECURSION = YES;
				CLANG_WARN_INT_CONVERSION = YES;
				CLANG_WARN_NON_LITERAL_NULL_CONVERSION = YES;
				CLANG_WARN_OBJC_IMPLICIT_RETAIN_SELF = YES;
				CLANG_WARN_OBJC_LITERAL_CONVERSION = YES;
				CLANG_WARN_OBJC_ROOT_CLASS = YES_ERROR;
				CLANG_WARN_QUOTED_INCLUDE_IN_FRAMEWORK_HEADER = YES;
				CLANG_WARN_RANGE_LOOP_ANALYSIS = YES;
				CLANG_WARN_STRICT_PROTOTYPES = YES;
				CLANG_WARN_SUSPICIOUS_MOVE = YES;
				CLANG_WARN_UNGUARDED_AVAILABILITY = YES_AGGRESSIVE;
				CLANG_WARN_UNREACHABLE_CODE = YES;
				CLANG_WARN__DUPLICATE_METHOD_MATCH = YES;
				COPY_PHASE_STRIP = NO;
				DEBUG_INFORMATION_FORMAT = dwarf;
				ENABLE_STRICT_OBJC_MSGSEND = YES;
				ENABLE_TESTABILITY = YES;
				GCC_C_LANGUAGE_STANDARD = gnu11;
				GCC_DYNAMIC_NO_PIC = NO;
				GCC_NO_COMMON_BLOCKS = YES;
				GCC_OPTIMIZATION_LEVEL = 0;
				GCC_PREPROCESSOR_DEFINITIONS = (
					"DEBUG=1",
					"$(inherited)",
				);
				GCC_WARN_64_TO_32_BIT_CONVERSION = YES;
				GCC_WARN_ABOUT_RETURN_TYPE = YES_ERROR;
				GCC_WARN_UNDECLARED_SELECTOR = YES;
				GCC_WARN_UNINITIALIZED_AUTOS = YES_AGGRESSIVE;
				GCC_WARN_UNUSED_FUNCTION = YES;
				GCC_WARN_UNUSED_VARIABLE = YES;
				IPHONEOS_DEPLOYMENT_TARGET = 15.0;
				MTL_ENABLE_DEBUG_INFO = INCLUDE_SOURCE;
				MTL_FAST_MATH = YES;
				ONLY_ACTIVE_ARCH = YES;
				SDKROOT = iphoneos;
				SWIFT_ACTIVE_COMPILATION_CONDITIONS = DEBUG;
				SWIFT_OPTIMIZATION_LEVEL = "-Onone";
			};
			name = Debug;
		};
		8FCF6F96284DE13E007CB3D4 /* Release */ = {
			isa = XCBuildConfiguration;
			buildSettings = {
				ALWAYS_SEARCH_USER_PATHS = NO;
				CLANG_ANALYZER_NONNULL = YES;
				CLANG_ANALYZER_NUMBER_OBJECT_CONVERSION = YES_AGGRESSIVE;
				CLANG_CXX_LANGUAGE_STANDARD = "gnu++17";
				CLANG_ENABLE_MODULES = YES;
				CLANG_ENABLE_OBJC_ARC = YES;
				CLANG_ENABLE_OBJC_WEAK = YES;
				CLANG_WARN_BLOCK_CAPTURE_AUTORELEASING = YES;
				CLANG_WARN_BOOL_CONVERSION = YES;
				CLANG_WARN_COMMA = YES;
				CLANG_WARN_CONSTANT_CONVERSION = YES;
				CLANG_WARN_DEPRECATED_OBJC_IMPLEMENTATIONS = YES;
				CLANG_WARN_DIRECT_OBJC_ISA_USAGE = YES_ERROR;
				CLANG_WARN_DOCUMENTATION_COMMENTS = YES;
				CLANG_WARN_EMPTY_BODY = YES;
				CLANG_WARN_ENUM_CONVERSION = YES;
				CLANG_WARN_INFINITE_RECURSION = YES;
				CLANG_WARN_INT_CONVERSION = YES;
				CLANG_WARN_NON_LITERAL_NULL_CONVERSION = YES;
				CLANG_WARN_OBJC_IMPLICIT_RETAIN_SELF = YES;
				CLANG_WARN_OBJC_LITERAL_CONVERSION = YES;
				CLANG_WARN_OBJC_ROOT_CLASS = YES_ERROR;
				CLANG_WARN_QUOTED_INCLUDE_IN_FRAMEWORK_HEADER = YES;
				CLANG_WARN_RANGE_LOOP_ANALYSIS = YES;
				CLANG_WARN_STRICT_PROTOTYPES = YES;
				CLANG_WARN_SUSPICIOUS_MOVE = YES;
				CLANG_WARN_UNGUARDED_AVAILABILITY = YES_AGGRESSIVE;
				CLANG_WARN_UNREACHABLE_CODE = YES;
				CLANG_WARN__DUPLICATE_METHOD_MATCH = YES;
				COPY_PHASE_STRIP = NO;
				DEBUG_INFORMATION_FORMAT = "dwarf-with-dsym";
				ENABLE_NS_ASSERTIONS = NO;
				ENABLE_STRICT_OBJC_MSGSEND = YES;
				GCC_C_LANGUAGE_STANDARD = gnu11;
				GCC_NO_COMMON_BLOCKS = YES;
				GCC_WARN_64_TO_32_BIT_CONVERSION = YES;
				GCC_WARN_ABOUT_RETURN_TYPE = YES_ERROR;
				GCC_WARN_UNDECLARED_SELECTOR = YES;
				GCC_WARN_UNINITIALIZED_AUTOS = YES_AGGRESSIVE;
				GCC_WARN_UNUSED_FUNCTION = YES;
				GCC_WARN_UNUSED_VARIABLE = YES;
				IPHONEOS_DEPLOYMENT_TARGET = 15.0;
				MTL_ENABLE_DEBUG_INFO = NO;
				MTL_FAST_MATH = YES;
				SDKROOT = iphoneos;
				SWIFT_COMPILATION_MODE = wholemodule;
				SWIFT_OPTIMIZATION_LEVEL = "-O";
				VALIDATE_PRODUCT = YES;
			};
			name = Release;
		};
		8FCF6F98284DE13E007CB3D4 /* Debug */ = {
			isa = XCBuildConfiguration;
			buildSettings = {
				ALWAYS_EMBED_SWIFT_STANDARD_LIBRARIES = YES;
				ASSETCATALOG_COMPILER_APPICON_NAME = AppIcon;
				ASSETCATALOG_COMPILER_GLOBAL_ACCENT_COLOR_NAME = AccentColor;
				CODE_SIGN_STYLE = Automatic;
				CURRENT_PROJECT_VERSION = 1;
				DEVELOPMENT_TEAM = JKR63X32V4;
				GENERATE_INFOPLIST_FILE = YES;
				INFOPLIST_FILE = "uplod File/Info.plist";
				INFOPLIST_KEY_UIApplicationSupportsIndirectInputEvents = YES;
				INFOPLIST_KEY_UILaunchStoryboardName = LaunchScreen;
				INFOPLIST_KEY_UIMainStoryboardFile = Main;
				INFOPLIST_KEY_UISupportedInterfaceOrientations_iPad = "UIInterfaceOrientationPortrait UIInterfaceOrientationPortraitUpsideDown UIInterfaceOrientationLandscapeLeft UIInterfaceOrientationLandscapeRight";
				INFOPLIST_KEY_UISupportedInterfaceOrientations_iPhone = "UIInterfaceOrientationPortrait UIInterfaceOrientationLandscapeLeft UIInterfaceOrientationLandscapeRight";
				LD_RUNPATH_SEARCH_PATHS = (
					"$(inherited)",
					"@executable_path/Frameworks",
				);
				MARKETING_VERSION = 1.0;
				PRODUCT_BUNDLE_IDENTIFIER = "uplod-File.uplod-File";
				PRODUCT_NAME = "$(TARGET_NAME)";
				SWIFT_EMIT_LOC_STRINGS = YES;
				SWIFT_VERSION = 5.0;
				TARGETED_DEVICE_FAMILY = "1,2";
			};
			name = Debug;
		};
		8FCF6F99284DE13E007CB3D4 /* Release */ = {
			isa = XCBuildConfiguration;
			buildSettings = {
				ALWAYS_EMBED_SWIFT_STANDARD_LIBRARIES = YES;
				ASSETCATALOG_COMPILER_APPICON_NAME = AppIcon;
				ASSETCATALOG_COMPILER_GLOBAL_ACCENT_COLOR_NAME = AccentColor;
				CODE_SIGN_STYLE = Automatic;
				CURRENT_PROJECT_VERSION = 1;
				DEVELOPMENT_TEAM = JKR63X32V4;
				GENERATE_INFOPLIST_FILE = YES;
				INFOPLIST_FILE = "uplod File/Info.plist";
				INFOPLIST_KEY_UIApplicationSupportsIndirectInputEvents = YES;
				INFOPLIST_KEY_UILaunchStoryboardName = LaunchScreen;
				INFOPLIST_KEY_UIMainStoryboardFile = Main;
				INFOPLIST_KEY_UISupportedInterfaceOrientations_iPad = "UIInterfaceOrientationPortrait UIInterfaceOrientationPortraitUpsideDown UIInterfaceOrientationLandscapeLeft UIInterfaceOrientationLandscapeRight";
				INFOPLIST_KEY_UISupportedInterfaceOrientations_iPhone = "UIInterfaceOrientationPortrait UIInterfaceOrientationLandscapeLeft UIInterfaceOrientationLandscapeRight";
				LD_RUNPATH_SEARCH_PATHS = (
					"$(inherited)",
					"@executable_path/Frameworks",
				);
				MARKETING_VERSION = 1.0;
				PRODUCT_BUNDLE_IDENTIFIER = "uplod-File.uplod-File";
				PRODUCT_NAME = "$(TARGET_NAME)";
				SWIFT_EMIT_LOC_STRINGS = YES;
				SWIFT_VERSION = 5.0;
				TARGETED_DEVICE_FAMILY = "1,2";
			};
			name = Release;
		};
		8FCF6F9B284DE13E007CB3D4 /* Debug */ = {
			isa = XCBuildConfiguration;
			buildSettings = {
				ALWAYS_EMBED_SWIFT_STANDARD_LIBRARIES = YES;
				BUNDLE_LOADER = "$(TEST_HOST)";
				CODE_SIGN_STYLE = Automatic;
				CURRENT_PROJECT_VERSION = 1;
				DEVELOPMENT_TEAM = JKR63X32V4;
				GENERATE_INFOPLIST_FILE = YES;
				IPHONEOS_DEPLOYMENT_TARGET = 15.5;
				MARKETING_VERSION = 1.0;
				PRODUCT_BUNDLE_IDENTIFIER = "uplod-File.uplod-FileTests";
				PRODUCT_NAME = "$(TARGET_NAME)";
				SWIFT_EMIT_LOC_STRINGS = NO;
				SWIFT_VERSION = 5.0;
				TARGETED_DEVICE_FAMILY = "1,2";
				TEST_HOST = "$(BUILT_PRODUCTS_DIR)/uplod File.app/uplod File";
			};
			name = Debug;
		};
		8FCF6F9C284DE13E007CB3D4 /* Release */ = {
			isa = XCBuildConfiguration;
			buildSettings = {
				ALWAYS_EMBED_SWIFT_STANDARD_LIBRARIES = YES;
				BUNDLE_LOADER = "$(TEST_HOST)";
				CODE_SIGN_STYLE = Automatic;
				CURRENT_PROJECT_VERSION = 1;
				DEVELOPMENT_TEAM = JKR63X32V4;
				GENERATE_INFOPLIST_FILE = YES;
				IPHONEOS_DEPLOYMENT_TARGET = 15.5;
				MARKETING_VERSION = 1.0;
				PRODUCT_BUNDLE_IDENTIFIER = "uplod-File.uplod-FileTests";
				PRODUCT_NAME = "$(TARGET_NAME)";
				SWIFT_EMIT_LOC_STRINGS = NO;
				SWIFT_VERSION = 5.0;
				TARGETED_DEVICE_FAMILY = "1,2";
				TEST_HOST = "$(BUILT_PRODUCTS_DIR)/uplod File.app/uplod File";
			};
			name = Release;
		};
		8FCF6F9E284DE13E007CB3D4 /* Debug */ = {
			isa = XCBuildConfiguration;
			buildSettings = {
				ALWAYS_EMBED_SWIFT_STANDARD_LIBRARIES = YES;
				CODE_SIGN_STYLE = Automatic;
				CURRENT_PROJECT_VERSION = 1;
				DEVELOPMENT_TEAM = JKR63X32V4;
				GENERATE_INFOPLIST_FILE = YES;
				MARKETING_VERSION = 1.0;
				PRODUCT_BUNDLE_IDENTIFIER = "uplod-File.uplod-FileUITests";
				PRODUCT_NAME = "$(TARGET_NAME)";
				SWIFT_EMIT_LOC_STRINGS = NO;
				SWIFT_VERSION = 5.0;
				TARGETED_DEVICE_FAMILY = "1,2";
				TEST_TARGET_NAME = "uplod File";
			};
			name = Debug;
		};
		8FCF6F9F284DE13E007CB3D4 /* Release */ = {
			isa = XCBuildConfiguration;
			buildSettings = {
				ALWAYS_EMBED_SWIFT_STANDARD_LIBRARIES = YES;
				CODE_SIGN_STYLE = Automatic;
				CURRENT_PROJECT_VERSION = 1;
				DEVELOPMENT_TEAM = JKR63X32V4;
				GENERATE_INFOPLIST_FILE = YES;
				MARKETING_VERSION = 1.0;
				PRODUCT_BUNDLE_IDENTIFIER = "uplod-File.uplod-FileUITests";
				PRODUCT_NAME = "$(TARGET_NAME)";
				SWIFT_EMIT_LOC_STRINGS = NO;
				SWIFT_VERSION = 5.0;
				TARGETED_DEVICE_FAMILY = "1,2";
				TEST_TARGET_NAME = "uplod File";
			};
			name = Release;
		};
/* End XCBuildConfiguration section */

/* Begin XCConfigurationList section */
		8FCF6F68284DE13E007CB3D4 /* Build configuration list for PBXProject "uplod File" */ = {
			isa = XCConfigurationList;
			buildConfigurations = (
				8FCF6F95284DE13E007CB3D4 /* Debug */,
				8FCF6F96284DE13E007CB3D4 /* Release */,
			);
			defaultConfigurationIsVisible = 0;
			defaultConfigurationName = Release;
		};
		8FCF6F97284DE13E007CB3D4 /* Build configuration list for PBXNativeTarget "uplod File" */ = {
			isa = XCConfigurationList;
			buildConfigurations = (
				8FCF6F98284DE13E007CB3D4 /* Debug */,
				8FCF6F99284DE13E007CB3D4 /* Release */,
			);
			defaultConfigurationIsVisible = 0;
			defaultConfigurationName = Release;
		};
		8FCF6F9A284DE13E007CB3D4 /* Build configuration list for PBXNativeTarget "uplod FileTests" */ = {
			isa = XCConfigurationList;
			buildConfigurations = (
				8FCF6F9B284DE13E007CB3D4 /* Debug */,
				8FCF6F9C284DE13E007CB3D4 /* Release */,
			);
			defaultConfigurationIsVisible = 0;
			defaultConfigurationName = Release;
		};
		8FCF6F9D284DE13E007CB3D4 /* Build configuration list for PBXNativeTarget "uplod FileUITests" */ = {
			isa = XCConfigurationList;
			buildConfigurations = (
				8FCF6F9E284DE13E007CB3D4 /* Debug */,
				8FCF6F9F284DE13E007CB3D4 /* Release */,
			);
			defaultConfigurationIsVisible = 0;
			defaultConfigurationName = Release;
		};
/* End XCConfigurationList section */

/* Begin XCVersionGroup section */
		8FAB4F9C285F0FEE00804AED /* SaveData.xcdatamodeld */ = {
			isa = XCVersionGroup;
			children = (
				8FAB4F9D285F0FEE00804AED /* SaveData.xcdatamodel */,
			);
			currentVersion = 8FAB4F9D285F0FEE00804AED /* SaveData.xcdatamodel */;
			path = SaveData.xcdatamodeld;
			sourceTree = "<group>";
			versionGroupType = wrapper.xcdatamodel;
		};
/* End XCVersionGroup section */
	};
	rootObject = 8FCF6F65284DE13E007CB3D4 /* Project object */;
}
